// !$*UTF8*$!
{
	archiveVersion = 1;
	classes = {
	};
	objectVersion = 56;
	objects = {

/* Begin PBXBuildFile section */
		3E1EF5A028D65B2900EBAAAF /* laser.wav in Resources */ = {isa = PBXBuildFile; fileRef = 3E1EF59F28D65B2800EBAAAF /* laser.wav */; };
		3E1EF5A228D65B6D00EBAAAF /* explosionSound.wav in Resources */ = {isa = PBXBuildFile; fileRef = 3E1EF5A128D65B6D00EBAAAF /* explosionSound.wav */; };
		3E2CE57928F52A5B001D6C3D /* GameOverScene.swift in Sources */ = {isa = PBXBuildFile; fileRef = 3E2CE57828F52A5B001D6C3D /* GameOverScene.swift */; };
		3E7CBB6628E0005B00BECC56 /* explosionSound.mp3 in Resources */ = {isa = PBXBuildFile; fileRef = 3E7CBB6528E0005B00BECC56 /* explosionSound.mp3 */; };
		3E8B9A0B28D4F61600FBD1B4 /* AppDelegate.swift in Sources */ = {isa = PBXBuildFile; fileRef = 3E8B9A0A28D4F61600FBD1B4 /* AppDelegate.swift */; };
		3E8B9A0D28D4F61600FBD1B4 /* GameScene.sks in Resources */ = {isa = PBXBuildFile; fileRef = 3E8B9A0C28D4F61600FBD1B4 /* GameScene.sks */; };
		3E8B9A0F28D4F61600FBD1B4 /* Actions.sks in Resources */ = {isa = PBXBuildFile; fileRef = 3E8B9A0E28D4F61600FBD1B4 /* Actions.sks */; };
		3E8B9A1128D4F61600FBD1B4 /* GameScene.swift in Sources */ = {isa = PBXBuildFile; fileRef = 3E8B9A1028D4F61600FBD1B4 /* GameScene.swift */; };
		3E8B9A1328D4F61600FBD1B4 /* GameViewController.swift in Sources */ = {isa = PBXBuildFile; fileRef = 3E8B9A1228D4F61600FBD1B4 /* GameViewController.swift */; };
		3E8B9A1628D4F61600FBD1B4 /* Main.storyboard in Resources */ = {isa = PBXBuildFile; fileRef = 3E8B9A1428D4F61600FBD1B4 /* Main.storyboard */; };
		3E8B9A1828D4F61900FBD1B4 /* Assets.xcassets in Resources */ = {isa = PBXBuildFile; fileRef = 3E8B9A1728D4F61900FBD1B4 /* Assets.xcassets */; };
		3E8B9A1B28D4F61900FBD1B4 /* LaunchScreen.storyboard in Resources */ = {isa = PBXBuildFile; fileRef = 3E8B9A1928D4F61900FBD1B4 /* LaunchScreen.storyboard */; };
		3E8B9A2528D4F61900FBD1B4 /* First_MissionTests.swift in Sources */ = {isa = PBXBuildFile; fileRef = 3E8B9A2428D4F61900FBD1B4 /* First_MissionTests.swift */; };
		3E8B9A2F28D4F61900FBD1B4 /* First_MissionUITests.swift in Sources */ = {isa = PBXBuildFile; fileRef = 3E8B9A2E28D4F61900FBD1B4 /* First_MissionUITests.swift */; };
		3E8B9A3128D4F61900FBD1B4 /* First_MissionUITestsLaunchTests.swift in Sources */ = {isa = PBXBuildFile; fileRef = 3E8B9A3028D4F61900FBD1B4 /* First_MissionUITestsLaunchTests.swift */; };
		3E98511D28E21AE800EDFE2C /* THEBOLDFONT.otf in Resources */ = {isa = PBXBuildFile; fileRef = 3E98511C28E21AE800EDFE2C /* THEBOLDFONT.otf */; };
		3E98512028E22F4700EDFE2C /* soundSpace.mp3 in Resources */ = {isa = PBXBuildFile; fileRef = 3E98511F28E22F4700EDFE2C /* soundSpace.mp3 */; };
		3EA37EC428F9DF0100BCE2A2 /* MainMenuScene.swift in Sources */ = {isa = PBXBuildFile; fileRef = 3EA37EC328F9DF0100BCE2A2 /* MainMenuScene.swift */; };
		3ECAC98428D50CB500A0B2A6 /* laser19.wav in Resources */ = {isa = PBXBuildFile; fileRef = 3ECAC98328D50CB500A0B2A6 /* laser19.wav */; };
/* End PBXBuildFile section */

/* Begin PBXContainerItemProxy section */
		3E8B9A2128D4F61900FBD1B4 /* PBXContainerItemProxy */ = {
			isa = PBXContainerItemProxy;
			containerPortal = 3E8B99FF28D4F61500FBD1B4 /* Project object */;
			proxyType = 1;
			remoteGlobalIDString = 3E8B9A0628D4F61500FBD1B4;
			remoteInfo = "First Mission";
		};
		3E8B9A2B28D4F61900FBD1B4 /* PBXContainerItemProxy */ = {
			isa = PBXContainerItemProxy;
			containerPortal = 3E8B99FF28D4F61500FBD1B4 /* Project object */;
			proxyType = 1;
			remoteGlobalIDString = 3E8B9A0628D4F61500FBD1B4;
			remoteInfo = "First Mission";
		};
/* End PBXContainerItemProxy section */

/* Begin PBXFileReference section */
		3E1EF59F28D65B2800EBAAAF /* laser.wav */ = {isa = PBXFileReference; lastKnownFileType = audio.wav; path = laser.wav; sourceTree = "<group>"; };
		3E1EF5A128D65B6D00EBAAAF /* explosionSound.wav */ = {isa = PBXFileReference; lastKnownFileType = audio.wav; path = explosionSound.wav; sourceTree = "<group>"; };
		3E2CE57828F52A5B001D6C3D /* GameOverScene.swift */ = {isa = PBXFileReference; lastKnownFileType = sourcecode.swift; path = GameOverScene.swift; sourceTree = "<group>"; };
		3E7CBB6528E0005B00BECC56 /* explosionSound.mp3 */ = {isa = PBXFileReference; lastKnownFileType = audio.mp3; path = explosionSound.mp3; sourceTree = "<group>"; };
		3E8B9A0728D4F61500FBD1B4 /* First Mission.app */ = {isa = PBXFileReference; explicitFileType = wrapper.application; includeInIndex = 0; path = "First Mission.app"; sourceTree = BUILT_PRODUCTS_DIR; };
		3E8B9A0A28D4F61600FBD1B4 /* AppDelegate.swift */ = {isa = PBXFileReference; lastKnownFileType = sourcecode.swift; path = AppDelegate.swift; sourceTree = "<group>"; };
		3E8B9A0C28D4F61600FBD1B4 /* GameScene.sks */ = {isa = PBXFileReference; lastKnownFileType = file.sks; path = GameScene.sks; sourceTree = "<group>"; };
		3E8B9A0E28D4F61600FBD1B4 /* Actions.sks */ = {isa = PBXFileReference; lastKnownFileType = file.sks; path = Actions.sks; sourceTree = "<group>"; };
		3E8B9A1028D4F61600FBD1B4 /* GameScene.swift */ = {isa = PBXFileReference; lastKnownFileType = sourcecode.swift; path = GameScene.swift; sourceTree = "<group>"; };
		3E8B9A1228D4F61600FBD1B4 /* GameViewController.swift */ = {isa = PBXFileReference; lastKnownFileType = sourcecode.swift; path = GameViewController.swift; sourceTree = "<group>"; };
		3E8B9A1528D4F61600FBD1B4 /* Base */ = {isa = PBXFileReference; lastKnownFileType = file.storyboard; name = Base; path = Base.lproj/Main.storyboard; sourceTree = "<group>"; };
		3E8B9A1728D4F61900FBD1B4 /* Assets.xcassets */ = {isa = PBXFileReference; lastKnownFileType = folder.assetcatalog; path = Assets.xcassets; sourceTree = "<group>"; };
		3E8B9A1A28D4F61900FBD1B4 /* Base */ = {isa = PBXFileReference; lastKnownFileType = file.storyboard; name = Base; path = Base.lproj/LaunchScreen.storyboard; sourceTree = "<group>"; };
		3E8B9A2028D4F61900FBD1B4 /* First MissionTests.xctest */ = {isa = PBXFileReference; explicitFileType = wrapper.cfbundle; includeInIndex = 0; path = "First MissionTests.xctest"; sourceTree = BUILT_PRODUCTS_DIR; };
		3E8B9A2428D4F61900FBD1B4 /* First_MissionTests.swift */ = {isa = PBXFileReference; lastKnownFileType = sourcecode.swift; path = First_MissionTests.swift; sourceTree = "<group>"; };
		3E8B9A2A28D4F61900FBD1B4 /* First MissionUITests.xctest */ = {isa = PBXFileReference; explicitFileType = wrapper.cfbundle; includeInIndex = 0; path = "First MissionUITests.xctest"; sourceTree = BUILT_PRODUCTS_DIR; };
		3E8B9A2E28D4F61900FBD1B4 /* First_MissionUITests.swift */ = {isa = PBXFileReference; lastKnownFileType = sourcecode.swift; path = First_MissionUITests.swift; sourceTree = "<group>"; };
		3E8B9A3028D4F61900FBD1B4 /* First_MissionUITestsLaunchTests.swift */ = {isa = PBXFileReference; lastKnownFileType = sourcecode.swift; path = First_MissionUITestsLaunchTests.swift; sourceTree = "<group>"; };
		3E98511C28E21AE800EDFE2C /* THEBOLDFONT.otf */ = {isa = PBXFileReference; lastKnownFileType = file; path = THEBOLDFONT.otf; sourceTree = "<group>"; };
		3E98511E28E21C7C00EDFE2C /* First-Mission-Info.plist */ = {isa = PBXFileReference; lastKnownFileType = text.plist; path = "First-Mission-Info.plist"; sourceTree = SOURCE_ROOT; };
		3E98511F28E22F4700EDFE2C /* soundSpace.mp3 */ = {isa = PBXFileReference; lastKnownFileType = audio.mp3; path = soundSpace.mp3; sourceTree = "<group>"; };
		3EA37EC328F9DF0100BCE2A2 /* MainMenuScene.swift */ = {isa = PBXFileReference; lastKnownFileType = sourcecode.swift; path = MainMenuScene.swift; sourceTree = "<group>"; };
		3ECAC98328D50CB500A0B2A6 /* laser19.wav */ = {isa = PBXFileReference; lastKnownFileType = audio.wav; path = laser19.wav; sourceTree = "<group>"; };
/* End PBXFileReference section */

/* Begin PBXFrameworksBuildPhase section */
		3E8B9A0428D4F61500FBD1B4 /* Frameworks */ = {
			isa = PBXFrameworksBuildPhase;
			buildActionMask = 2147483647;
			files = (
			);
			runOnlyForDeploymentPostprocessing = 0;
		};
		3E8B9A1D28D4F61900FBD1B4 /* Frameworks */ = {
			isa = PBXFrameworksBuildPhase;
			buildActionMask = 2147483647;
			files = (
			);
			runOnlyForDeploymentPostprocessing = 0;
		};
		3E8B9A2728D4F61900FBD1B4 /* Frameworks */ = {
			isa = PBXFrameworksBuildPhase;
			buildActionMask = 2147483647;
			files = (
			);
			runOnlyForDeploymentPostprocessing = 0;
		};
/* End PBXFrameworksBuildPhase section */

/* Begin PBXGroup section */
		3E8B99FE28D4F61500FBD1B4 = {
			isa = PBXGroup;
			children = (
				3E8B9A0928D4F61500FBD1B4 /* First Mission */,
				3E8B9A2328D4F61900FBD1B4 /* First MissionTests */,
				3E8B9A2D28D4F61900FBD1B4 /* First MissionUITests */,
				3E8B9A0828D4F61500FBD1B4 /* Products */,
			);
			sourceTree = "<group>";
		};
		3E8B9A0828D4F61500FBD1B4 /* Products */ = {
			isa = PBXGroup;
			children = (
				3E8B9A0728D4F61500FBD1B4 /* First Mission.app */,
				3E8B9A2028D4F61900FBD1B4 /* First MissionTests.xctest */,
				3E8B9A2A28D4F61900FBD1B4 /* First MissionUITests.xctest */,
			);
			name = Products;
			sourceTree = "<group>";
		};
		3E8B9A0928D4F61500FBD1B4 /* First Mission */ = {
			isa = PBXGroup;
			children = (
				3E98511E28E21C7C00EDFE2C /* First-Mission-Info.plist */,
				3E8B9A0A28D4F61600FBD1B4 /* AppDelegate.swift */,
				3E1EF5A128D65B6D00EBAAAF /* explosionSound.wav */,
				3E8B9A0C28D4F61600FBD1B4 /* GameScene.sks */,
				3E8B9A0E28D4F61600FBD1B4 /* Actions.sks */,
				3E8B9A1028D4F61600FBD1B4 /* GameScene.swift */,
				3E7CBB6528E0005B00BECC56 /* explosionSound.mp3 */,
				3E98511F28E22F4700EDFE2C /* soundSpace.mp3 */,
				3E1EF59F28D65B2800EBAAAF /* laser.wav */,
				3ECAC98328D50CB500A0B2A6 /* laser19.wav */,
				3E98511C28E21AE800EDFE2C /* THEBOLDFONT.otf */,
				3E8B9A1228D4F61600FBD1B4 /* GameViewController.swift */,
				3E8B9A1428D4F61600FBD1B4 /* Main.storyboard */,
				3E8B9A1728D4F61900FBD1B4 /* Assets.xcassets */,
				3E8B9A1928D4F61900FBD1B4 /* LaunchScreen.storyboard */,
				3E2CE57828F52A5B001D6C3D /* GameOverScene.swift */,
				3EA37EC328F9DF0100BCE2A2 /* MainMenuScene.swift */,
			);
			path = "First Mission";
			sourceTree = "<group>";
		};
		3E8B9A2328D4F61900FBD1B4 /* First MissionTests */ = {
			isa = PBXGroup;
			children = (
				3E8B9A2428D4F61900FBD1B4 /* First_MissionTests.swift */,
			);
			path = "First MissionTests";
			sourceTree = "<group>";
		};
		3E8B9A2D28D4F61900FBD1B4 /* First MissionUITests */ = {
			isa = PBXGroup;
			children = (
				3E8B9A2E28D4F61900FBD1B4 /* First_MissionUITests.swift */,
				3E8B9A3028D4F61900FBD1B4 /* First_MissionUITestsLaunchTests.swift */,
			);
			path = "First MissionUITests";
			sourceTree = "<group>";
		};
/* End PBXGroup section */

/* Begin PBXNativeTarget section */
		3E8B9A0628D4F61500FBD1B4 /* First Mission */ = {
			isa = PBXNativeTarget;
			buildConfigurationList = 3E8B9A3428D4F61900FBD1B4 /* Build configuration list for PBXNativeTarget "First Mission" */;
			buildPhases = (
				3E8B9A0328D4F61500FBD1B4 /* Sources */,
				3E8B9A0428D4F61500FBD1B4 /* Frameworks */,
				3E8B9A0528D4F61500FBD1B4 /* Resources */,
			);
			buildRules = (
			);
			dependencies = (
			);
			name = "First Mission";
			productName = "First Mission";
			productReference = 3E8B9A0728D4F61500FBD1B4 /* First Mission.app */;
			productType = "com.apple.product-type.application";
		};
		3E8B9A1F28D4F61900FBD1B4 /* First MissionTests */ = {
			isa = PBXNativeTarget;
			buildConfigurationList = 3E8B9A3728D4F61900FBD1B4 /* Build configuration list for PBXNativeTarget "First MissionTests" */;
			buildPhases = (
				3E8B9A1C28D4F61900FBD1B4 /* Sources */,
				3E8B9A1D28D4F61900FBD1B4 /* Frameworks */,
				3E8B9A1E28D4F61900FBD1B4 /* Resources */,
			);
			buildRules = (
			);
			dependencies = (
				3E8B9A2228D4F61900FBD1B4 /* PBXTargetDependency */,
			);
			name = "First MissionTests";
			productName = "First MissionTests";
			productReference = 3E8B9A2028D4F61900FBD1B4 /* First MissionTests.xctest */;
			productType = "com.apple.product-type.bundle.unit-test";
		};
		3E8B9A2928D4F61900FBD1B4 /* First MissionUITests */ = {
			isa = PBXNativeTarget;
			buildConfigurationList = 3E8B9A3A28D4F61900FBD1B4 /* Build configuration list for PBXNativeTarget "First MissionUITests" */;
			buildPhases = (
				3E8B9A2628D4F61900FBD1B4 /* Sources */,
				3E8B9A2728D4F61900FBD1B4 /* Frameworks */,
				3E8B9A2828D4F61900FBD1B4 /* Resources */,
			);
			buildRules = (
			);
			dependencies = (
				3E8B9A2C28D4F61900FBD1B4 /* PBXTargetDependency */,
			);
			name = "First MissionUITests";
			productName = "First MissionUITests";
			productReference = 3E8B9A2A28D4F61900FBD1B4 /* First MissionUITests.xctest */;
			productType = "com.apple.product-type.bundle.ui-testing";
		};
/* End PBXNativeTarget section */

/* Begin PBXProject section */
		3E8B99FF28D4F61500FBD1B4 /* Project object */ = {
			isa = PBXProject;
			attributes = {
				BuildIndependentTargetsInParallel = 1;
				LastSwiftUpdateCheck = 1400;
				LastUpgradeCheck = 1400;
				TargetAttributes = {
					3E8B9A0628D4F61500FBD1B4 = {
						CreatedOnToolsVersion = 14.0;
					};
					3E8B9A1F28D4F61900FBD1B4 = {
						CreatedOnToolsVersion = 14.0;
						TestTargetID = 3E8B9A0628D4F61500FBD1B4;
					};
					3E8B9A2928D4F61900FBD1B4 = {
						CreatedOnToolsVersion = 14.0;
						TestTargetID = 3E8B9A0628D4F61500FBD1B4;
					};
				};
			};
			buildConfigurationList = 3E8B9A0228D4F61500FBD1B4 /* Build configuration list for PBXProject "First Mission" */;
			compatibilityVersion = "Xcode 14.0";
			developmentRegion = en;
			hasScannedForEncodings = 0;
			knownRegions = (
				en,
				Base,
			);
			mainGroup = 3E8B99FE28D4F61500FBD1B4;
			productRefGroup = 3E8B9A0828D4F61500FBD1B4 /* Products */;
			projectDirPath = "";
			projectRoot = "";
			targets = (
				3E8B9A0628D4F61500FBD1B4 /* First Mission */,
				3E8B9A1F28D4F61900FBD1B4 /* First MissionTests */,
				3E8B9A2928D4F61900FBD1B4 /* First MissionUITests */,
			);
		};
/* End PBXProject section */

/* Begin PBXResourcesBuildPhase section */
		3E8B9A0528D4F61500FBD1B4 /* Resources */ = {
			isa = PBXResourcesBuildPhase;
			buildActionMask = 2147483647;
			files = (
				3E98511D28E21AE800EDFE2C /* THEBOLDFONT.otf in Resources */,
				3E1EF5A228D65B6D00EBAAAF /* explosionSound.wav in Resources */,
				3E98512028E22F4700EDFE2C /* soundSpace.mp3 in Resources */,
				3E8B9A1628D4F61600FBD1B4 /* Main.storyboard in Resources */,
				3E1EF5A028D65B2900EBAAAF /* laser.wav in Resources */,
				3E8B9A0D28D4F61600FBD1B4 /* GameScene.sks in Resources */,
				3ECAC98428D50CB500A0B2A6 /* laser19.wav in Resources */,
				3E7CBB6628E0005B00BECC56 /* explosionSound.mp3 in Resources */,
				3E8B9A1828D4F61900FBD1B4 /* Assets.xcassets in Resources */,
				3E8B9A1B28D4F61900FBD1B4 /* LaunchScreen.storyboard in Resources */,
				3E8B9A0F28D4F61600FBD1B4 /* Actions.sks in Resources */,
			);
			runOnlyForDeploymentPostprocessing = 0;
		};
		3E8B9A1E28D4F61900FBD1B4 /* Resources */ = {
			isa = PBXResourcesBuildPhase;
			buildActionMask = 2147483647;
			files = (
			);
			runOnlyForDeploymentPostprocessing = 0;
		};
		3E8B9A2828D4F61900FBD1B4 /* Resources */ = {
			isa = PBXResourcesBuildPhase;
			buildActionMask = 2147483647;
			files = (
			);
			runOnlyForDeploymentPostprocessing = 0;
		};
/* End PBXResourcesBuildPhase section */

/* Begin PBXSourcesBuildPhase section */
		3E8B9A0328D4F61500FBD1B4 /* Sources */ = {
			isa = PBXSourcesBuildPhase;
			buildActionMask = 2147483647;
			files = (
				3EA37EC428F9DF0100BCE2A2 /* MainMenuScene.swift in Sources */,
				3E8B9A1128D4F61600FBD1B4 /* GameScene.swift in Sources */,
				3E8B9A1328D4F61600FBD1B4 /* GameViewController.swift in Sources */,
				3E2CE57928F52A5B001D6C3D /* GameOverScene.swift in Sources */,
				3E8B9A0B28D4F61600FBD1B4 /* AppDelegate.swift in Sources */,
			);
			runOnlyForDeploymentPostprocessing = 0;
		};
		3E8B9A1C28D4F61900FBD1B4 /* Sources */ = {
			isa = PBXSourcesBuildPhase;
			buildActionMask = 2147483647;
			files = (
				3E8B9A2528D4F61900FBD1B4 /* First_MissionTests.swift in Sources */,
			);
			runOnlyForDeploymentPostprocessing = 0;
		};
		3E8B9A2628D4F61900FBD1B4 /* Sources */ = {
			isa = PBXSourcesBuildPhase;
			buildActionMask = 2147483647;
			files = (
				3E8B9A3128D4F61900FBD1B4 /* First_MissionUITestsLaunchTests.swift in Sources */,
				3E8B9A2F28D4F61900FBD1B4 /* First_MissionUITests.swift in Sources */,
			);
			runOnlyForDeploymentPostprocessing = 0;
		};
/* End PBXSourcesBuildPhase section */

/* Begin PBXTargetDependency section */
		3E8B9A2228D4F61900FBD1B4 /* PBXTargetDependency */ = {
			isa = PBXTargetDependency;
			target = 3E8B9A0628D4F61500FBD1B4 /* First Mission */;
			targetProxy = 3E8B9A2128D4F61900FBD1B4 /* PBXContainerItemProxy */;
		};
		3E8B9A2C28D4F61900FBD1B4 /* PBXTargetDependency */ = {
			isa = PBXTargetDependency;
			target = 3E8B9A0628D4F61500FBD1B4 /* First Mission */;
			targetProxy = 3E8B9A2B28D4F61900FBD1B4 /* PBXContainerItemProxy */;
		};
/* End PBXTargetDependency section */

/* Begin PBXVariantGroup section */
		3E8B9A1428D4F61600FBD1B4 /* Main.storyboard */ = {
			isa = PBXVariantGroup;
			children = (
				3E8B9A1528D4F61600FBD1B4 /* Base */,
			);
			name = Main.storyboard;
			sourceTree = "<group>";
		};
		3E8B9A1928D4F61900FBD1B4 /* LaunchScreen.storyboard */ = {
			isa = PBXVariantGroup;
			children = (
				3E8B9A1A28D4F61900FBD1B4 /* Base */,
			);
			name = LaunchScreen.storyboard;
			sourceTree = "<group>";
		};
/* End PBXVariantGroup section */

/* Begin XCBuildConfiguration section */
		3E8B9A3228D4F61900FBD1B4 /* Debug */ = {
			isa = XCBuildConfiguration;
			buildSettings = {
				ALWAYS_SEARCH_USER_PATHS = NO;
				CLANG_ANALYZER_NONNULL = YES;
				CLANG_ANALYZER_NUMBER_OBJECT_CONVERSION = YES_AGGRESSIVE;
				CLANG_CXX_LANGUAGE_STANDARD = "gnu++20";
				CLANG_ENABLE_MODULES = YES;
				CLANG_ENABLE_OBJC_ARC = YES;
				CLANG_ENABLE_OBJC_WEAK = YES;
				CLANG_WARN_BLOCK_CAPTURE_AUTORELEASING = YES;
				CLANG_WARN_BOOL_CONVERSION = YES;
				CLANG_WARN_COMMA = YES;
				CLANG_WARN_CONSTANT_CONVERSION = YES;
				CLANG_WARN_DEPRECATED_OBJC_IMPLEMENTATIONS = YES;
				CLANG_WARN_DIRECT_OBJC_ISA_USAGE = YES_ERROR;
				CLANG_WARN_DOCUMENTATION_COMMENTS = YES;
				CLANG_WARN_EMPTY_BODY = YES;
				CLANG_WARN_ENUM_CONVERSION = YES;
				CLANG_WARN_INFINITE_RECURSION = YES;
				CLANG_WARN_INT_CONVERSION = YES;
				CLANG_WARN_NON_LITERAL_NULL_CONVERSION = YES;
				CLANG_WARN_OBJC_IMPLICIT_RETAIN_SELF = YES;
				CLANG_WARN_OBJC_LITERAL_CONVERSION = YES;
				CLANG_WARN_OBJC_ROOT_CLASS = YES_ERROR;
				CLANG_WARN_QUOTED_INCLUDE_IN_FRAMEWORK_HEADER = YES;
				CLANG_WARN_RANGE_LOOP_ANALYSIS = YES;
				CLANG_WARN_STRICT_PROTOTYPES = YES;
				CLANG_WARN_SUSPICIOUS_MOVE = YES;
				CLANG_WARN_UNGUARDED_AVAILABILITY = YES_AGGRESSIVE;
				CLANG_WARN_UNREACHABLE_CODE = YES;
				CLANG_WARN__DUPLICATE_METHOD_MATCH = YES;
				COPY_PHASE_STRIP = NO;
				DEBUG_INFORMATION_FORMAT = dwarf;
				ENABLE_STRICT_OBJC_MSGSEND = YES;
				ENABLE_TESTABILITY = YES;
				GCC_C_LANGUAGE_STANDARD = gnu11;
				GCC_DYNAMIC_NO_PIC = NO;
				GCC_NO_COMMON_BLOCKS = YES;
				GCC_OPTIMIZATION_LEVEL = 0;
				GCC_PREPROCESSOR_DEFINITIONS = (
					"DEBUG=1",
					"$(inherited)",
				);
				GCC_WARN_64_TO_32_BIT_CONVERSION = YES;
				GCC_WARN_ABOUT_RETURN_TYPE = YES_ERROR;
				GCC_WARN_UNDECLARED_SELECTOR = YES;
				GCC_WARN_UNINITIALIZED_AUTOS = YES_AGGRESSIVE;
				GCC_WARN_UNUSED_FUNCTION = YES;
				GCC_WARN_UNUSED_VARIABLE = YES;
				IPHONEOS_DEPLOYMENT_TARGET = 16.0;
				MTL_ENABLE_DEBUG_INFO = INCLUDE_SOURCE;
				MTL_FAST_MATH = YES;
				ONLY_ACTIVE_ARCH = YES;
				SDKROOT = iphoneos;
				SWIFT_ACTIVE_COMPILATION_CONDITIONS = DEBUG;
				SWIFT_OPTIMIZATION_LEVEL = "-Onone";
			};
			name = Debug;
		};
		3E8B9A3328D4F61900FBD1B4 /* Release */ = {
			isa = XCBuildConfiguration;
			buildSettings = {
				ALWAYS_SEARCH_USER_PATHS = NO;
				CLANG_ANALYZER_NONNULL = YES;
				CLANG_ANALYZER_NUMBER_OBJECT_CONVERSION = YES_AGGRESSIVE;
				CLANG_CXX_LANGUAGE_STANDARD = "gnu++20";
				CLANG_ENABLE_MODULES = YES;
				CLANG_ENABLE_OBJC_ARC = YES;
				CLANG_ENABLE_OBJC_WEAK = YES;
				CLANG_WARN_BLOCK_CAPTURE_AUTORELEASING = YES;
				CLANG_WARN_BOOL_CONVERSION = YES;
				CLANG_WARN_COMMA = YES;
				CLANG_WARN_CONSTANT_CONVERSION = YES;
				CLANG_WARN_DEPRECATED_OBJC_IMPLEMENTATIONS = YES;
				CLANG_WARN_DIRECT_OBJC_ISA_USAGE = YES_ERROR;
				CLANG_WARN_DOCUMENTATION_COMMENTS = YES;
				CLANG_WARN_EMPTY_BODY = YES;
				CLANG_WARN_ENUM_CONVERSION = YES;
				CLANG_WARN_INFINITE_RECURSION = YES;
				CLANG_WARN_INT_CONVERSION = YES;
				CLANG_WARN_NON_LITERAL_NULL_CONVERSION = YES;
				CLANG_WARN_OBJC_IMPLICIT_RETAIN_SELF = YES;
				CLANG_WARN_OBJC_LITERAL_CONVERSION = YES;
				CLANG_WARN_OBJC_ROOT_CLASS = YES_ERROR;
				CLANG_WARN_QUOTED_INCLUDE_IN_FRAMEWORK_HEADER = YES;
				CLANG_WARN_RANGE_LOOP_ANALYSIS = YES;
				CLANG_WARN_STRICT_PROTOTYPES = YES;
				CLANG_WARN_SUSPICIOUS_MOVE = YES;
				CLANG_WARN_UNGUARDED_AVAILABILITY = YES_AGGRESSIVE;
				CLANG_WARN_UNREACHABLE_CODE = YES;
				CLANG_WARN__DUPLICATE_METHOD_MATCH = YES;
				COPY_PHASE_STRIP = NO;
				DEBUG_INFORMATION_FORMAT = "dwarf-with-dsym";
				ENABLE_NS_ASSERTIONS = NO;
				ENABLE_STRICT_OBJC_MSGSEND = YES;
				GCC_C_LANGUAGE_STANDARD = gnu11;
				GCC_NO_COMMON_BLOCKS = YES;
				GCC_WARN_64_TO_32_BIT_CONVERSION = YES;
				GCC_WARN_ABOUT_RETURN_TYPE = YES_ERROR;
				GCC_WARN_UNDECLARED_SELECTOR = YES;
				GCC_WARN_UNINITIALIZED_AUTOS = YES_AGGRESSIVE;
				GCC_WARN_UNUSED_FUNCTION = YES;
				GCC_WARN_UNUSED_VARIABLE = YES;
				IPHONEOS_DEPLOYMENT_TARGET = 16.0;
				MTL_ENABLE_DEBUG_INFO = NO;
				MTL_FAST_MATH = YES;
				SDKROOT = iphoneos;
				SWIFT_COMPILATION_MODE = wholemodule;
				SWIFT_OPTIMIZATION_LEVEL = "-O";
				VALIDATE_PRODUCT = YES;
			};
			name = Release;
		};
		3E8B9A3528D4F61900FBD1B4 /* Debug */ = {
			isa = XCBuildConfiguration;
			buildSettings = {
				ASSETCATALOG_COMPILER_APPICON_NAME = AppIcon;
				ASSETCATALOG_COMPILER_GLOBAL_ACCENT_COLOR_NAME = AccentColor;
				CODE_SIGN_STYLE = Automatic;
				CURRENT_PROJECT_VERSION = 1;
				DEVELOPMENT_TEAM = KUNPWY7925;
				GENERATE_INFOPLIST_FILE = YES;
				INFOPLIST_FILE = "First-Mission-Info.plist";
				INFOPLIST_KEY_UIApplicationSupportsIndirectInputEvents = YES;
				INFOPLIST_KEY_UILaunchStoryboardName = LaunchScreen;
				INFOPLIST_KEY_UIMainStoryboardFile = Main;
				INFOPLIST_KEY_UIRequiresFullScreen = YES;
				INFOPLIST_KEY_UIStatusBarHidden = YES;
				INFOPLIST_KEY_UISupportedInterfaceOrientations = UIInterfaceOrientationPortrait;
				INFOPLIST_KEY_UISupportedInterfaceOrientations_iPad = "UIInterfaceOrientationPortrait UIInterfaceOrientationPortraitUpsideDown";
				IPHONEOS_DEPLOYMENT_TARGET = 11.0;
				LD_RUNPATH_SEARCH_PATHS = (
					"$(inherited)",
					"@executable_path/Frameworks",
				);
				MARKETING_VERSION = 1.0;
				PRODUCT_BUNDLE_IDENTIFIER = "br.com.localoeste.First-Mission";
				PRODUCT_NAME = "$(TARGET_NAME)";
				SWIFT_EMIT_LOC_STRINGS = YES;
				SWIFT_VERSION = 5.0;
				TARGETED_DEVICE_FAMILY = "1,2";
			};
			name = Debug;
		};
		3E8B9A3628D4F61900FBD1B4 /* Release */ = {
			isa = XCBuildConfiguration;
			buildSettings = {
				ASSETCATALOG_COMPILER_APPICON_NAME = AppIcon;
				ASSETCATALOG_COMPILER_GLOBAL_ACCENT_COLOR_NAME = AccentColor;
				CODE_SIGN_STYLE = Automatic;
				CURRENT_PROJECT_VERSION = 1;
				DEVELOPMENT_TEAM = KUNPWY7925;
				GENERATE_INFOPLIST_FILE = YES;
				INFOPLIST_FILE = "First-Mission-Info.plist";
				INFOPLIST_KEY_UIApplicationSupportsIndirectInputEvents = YES;
				INFOPLIST_KEY_UILaunchStoryboardName = LaunchScreen;
				INFOPLIST_KEY_UIMainStoryboardFile = Main;
				INFOPLIST_KEY_UIRequiresFullScreen = YES;
				INFOPLIST_KEY_UIStatusBarHidden = YES;
				INFOPLIST_KEY_UISupportedInterfaceOrientations = UIInterfaceOrientationPortrait;
				INFOPLIST_KEY_UISupportedInterfaceOrientations_iPad = "UIInterfaceOrientationPortrait UIInterfaceOrientationPortraitUpsideDown";
				IPHONEOS_DEPLOYMENT_TARGET = 11.0;
				LD_RUNPATH_SEARCH_PATHS = (
					"$(inherited)",
					"@executable_path/Frameworks",
				);
				MARKETING_VERSION = 1.0;
				PRODUCT_BUNDLE_IDENTIFIER = "br.com.localoeste.First-Mission";
				PRODUCT_NAME = "$(TARGET_NAME)";
				SWIFT_EMIT_LOC_STRINGS = YES;
				SWIFT_VERSION = 5.0;
				TARGETED_DEVICE_FAMILY = "1,2";
			};
			name = Release;
		};
		3E8B9A3828D4F61900FBD1B4 /* Debug */ = {
			isa = XCBuildConfiguration;
			buildSettings = {
				ALWAYS_EMBED_SWIFT_STANDARD_LIBRARIES = YES;
				BUNDLE_LOADER = "$(TEST_HOST)";
				CODE_SIGN_STYLE = Automatic;
				CURRENT_PROJECT_VERSION = 1;
				DEVELOPMENT_TEAM = KUNPWY7925;
				GENERATE_INFOPLIST_FILE = YES;
				IPHONEOS_DEPLOYMENT_TARGET = 16.0;
				MARKETING_VERSION = 1.0;
				PRODUCT_BUNDLE_IDENTIFIER = "br.com.localoeste.First-MissionTests";
				PRODUCT_NAME = "$(TARGET_NAME)";
				SWIFT_EMIT_LOC_STRINGS = NO;
				SWIFT_VERSION = 5.0;
				TARGETED_DEVICE_FAMILY = "1,2";
				TEST_HOST = "$(BUILT_PRODUCTS_DIR)/First Mission.app/$(BUNDLE_EXECUTABLE_FOLDER_PATH)/First Mission";
			};
			name = Debug;
		};
		3E8B9A3928D4F61900FBD1B4 /* Release */ = {
			isa = XCBuildConfiguration;
			buildSettings = {
				ALWAYS_EMBED_SWIFT_STANDARD_LIBRARIES = YES;
				BUNDLE_LOADER = "$(TEST_HOST)";
				CODE_SIGN_STYLE = Automatic;
				CURRENT_PROJECT_VERSION = 1;
				DEVELOPMENT_TEAM = KUNPWY7925;
				GENERATE_INFOPLIST_FILE = YES;
				IPHONEOS_DEPLOYMENT_TARGET = 16.0;
				MARKETING_VERSION = 1.0;
				PRODUCT_BUNDLE_IDENTIFIER = "br.com.localoeste.First-MissionTests";
				PRODUCT_NAME = "$(TARGET_NAME)";
				SWIFT_EMIT_LOC_STRINGS = NO;
				SWIFT_VERSION = 5.0;
				TARGETED_DEVICE_FAMILY = "1,2";
				TEST_HOST = "$(BUILT_PRODUCTS_DIR)/First Mission.app/$(BUNDLE_EXECUTABLE_FOLDER_PATH)/First Mission";
			};
			name = Release;
		};
		3E8B9A3B28D4F61900FBD1B4 /* Debug */ = {
			isa = XCBuildConfiguration;
			buildSettings = {
				ALWAYS_EMBED_SWIFT_STANDARD_LIBRARIES = YES;
				CODE_SIGN_STYLE = Automatic;
				CURRENT_PROJECT_VERSION = 1;
				DEVELOPMENT_TEAM = KUNPWY7925;
				GENERATE_INFOPLIST_FILE = YES;
				MARKETING_VERSION = 1.0;
				PRODUCT_BUNDLE_IDENTIFIER = "br.com.localoeste.First-MissionUITests";
				PRODUCT_NAME = "$(TARGET_NAME)";
				SWIFT_EMIT_LOC_STRINGS = NO;
				SWIFT_VERSION = 5.0;
				TARGETED_DEVICE_FAMILY = "1,2";
				TEST_TARGET_NAME = "First Mission";
			};
			name = Debug;
		};
		3E8B9A3C28D4F61900FBD1B4 /* Release */ = {
			isa = XCBuildConfiguration;
			buildSettings = {
				ALWAYS_EMBED_SWIFT_STANDARD_LIBRARIES = YES;
				CODE_SIGN_STYLE = Automatic;
				CURRENT_PROJECT_VERSION = 1;
				DEVELOPMENT_TEAM = KUNPWY7925;
				GENERATE_INFOPLIST_FILE = YES;
				MARKETING_VERSION = 1.0;
				PRODUCT_BUNDLE_IDENTIFIER = "br.com.localoeste.First-MissionUITests";
				PRODUCT_NAME = "$(TARGET_NAME)";
				SWIFT_EMIT_LOC_STRINGS = NO;
				SWIFT_VERSION = 5.0;
				TARGETED_DEVICE_FAMILY = "1,2";
				TEST_TARGET_NAME = "First Mission";
			};
			name = Release;
		};
/* End XCBuildConfiguration section */

/* Begin XCConfigurationList section */
		3E8B9A0228D4F61500FBD1B4 /* Build configuration list for PBXProject "First Mission" */ = {
			isa = XCConfigurationList;
			buildConfigurations = (
				3E8B9A3228D4F61900FBD1B4 /* Debug */,
				3E8B9A3328D4F61900FBD1B4 /* Release */,
			);
			defaultConfigurationIsVisible = 0;
			defaultConfigurationName = Release;
		};
		3E8B9A3428D4F61900FBD1B4 /* Build configuration list for PBXNativeTarget "First Mission" */ = {
			isa = XCConfigurationList;
			buildConfigurations = (
				3E8B9A3528D4F61900FBD1B4 /* Debug */,
				3E8B9A3628D4F61900FBD1B4 /* Release */,
			);
			defaultConfigurationIsVisible = 0;
			defaultConfigurationName = Release;
		};
		3E8B9A3728D4F61900FBD1B4 /* Build configuration list for PBXNativeTarget "First MissionTests" */ = {
			isa = XCConfigurationList;
			buildConfigurations = (
				3E8B9A3828D4F61900FBD1B4 /* Debug */,
				3E8B9A3928D4F61900FBD1B4 /* Release */,
			);
			defaultConfigurationIsVisible = 0;
			defaultConfigurationName = Release;
		};
		3E8B9A3A28D4F61900FBD1B4 /* Build configuration list for PBXNativeTarget "First MissionUITests" */ = {
			isa = XCConfigurationList;
			buildConfigurations = (
				3E8B9A3B28D4F61900FBD1B4 /* Debug */,
				3E8B9A3C28D4F61900FBD1B4 /* Release */,
			);
			defaultConfigurationIsVisible = 0;
			defaultConfigurationName = Release;
		};
/* End XCConfigurationList section */
	};
	rootObject = 3E8B99FF28D4F61500FBD1B4 /* Project object */;
}
